
Microsoft Visual Studio Solution File, Format Version 12.00
# Visual Studio 15
VisualStudioVersion = 15.0.28307.489
MinimumVisualStudioVersion = 10.0.40219.1
Project("{FAE04EC0-301F-11D3-BF4B-00C04F79EFBC}") = "User_Class_Implementation", "User_Class_Implementation\User_Class_Implementation.csproj", "{DE63EF6D-631C-4D5C-8C81-42B8C159F7F8}"
EndProject
Project("{FAE04EC0-301F-11D3-BF4B-00C04F79EFBC}") = "Humanoid", "Humanoid\Humanoid.csproj", "{075638AD-F20F-4284-90CB-32723F0CFBC4}"
EndProject
Project("{FAE04EC0-301F-11D3-BF4B-00C04F79EFBC}") = "Construction_Game", "Construction_Game\Construction_Game.csproj", "{9CDA70B4-F1C8-434F-8645-2CA7EFF8C158}"
EndProject
Project("{FAE04EC0-301F-11D3-BF4B-00C04F79EFBC}") = "BiggestNumber_Sum", "BiggestNumber_Sum\BiggestNumber_Sum.csproj", "{51B3AAE1-E7AD-4B45-AAF7-A08FA9CB1D72}"
EndProject
Project("{FAE04EC0-301F-11D3-BF4B-00C04F79EFBC}") = "Alexa_Settings", "Alexa_Settings\Alexa_Settings.csproj", "{00C4B0B9-4B01-46DA-AADB-B32B5F1B93A9}"
EndProject
Global
	GlobalSection(SolutionConfigurationPlatforms) = preSolution
		Debug|Any CPU = Debug|Any CPU
		Release|Any CPU = Release|Any CPU
	EndGlobalSection
	GlobalSection(ProjectConfigurationPlatforms) = postSolution
		{DE63EF6D-631C-4D5C-8C81-42B8C159F7F8}.Debug|Any CPU.ActiveCfg = Debug|Any CPU
		{DE63EF6D-631C-4D5C-8C81-42B8C159F7F8}.Debug|Any CPU.Build.0 = Debug|Any CPU
		{DE63EF6D-631C-4D5C-8C81-42B8C159F7F8}.Release|Any CPU.ActiveCfg = Release|Any CPU
		{DE63EF6D-631C-4D5C-8C81-42B8C159F7F8}.Release|Any CPU.Build.0 = Release|Any CPU
		{075638AD-F20F-4284-90CB-32723F0CFBC4}.Debug|Any CPU.ActiveCfg = Debug|Any CPU
		{075638AD-F20F-4284-90CB-32723F0CFBC4}.Debug|Any CPU.Build.0 = Debug|Any CPU
		{075638AD-F20F-4284-90CB-32723F0CFBC4}.Release|Any CPU.ActiveCfg = Release|Any CPU
		{075638AD-F20F-4284-90CB-32723F0CFBC4}.Release|Any CPU.Build.0 = Release|Any CPU
		{9CDA70B4-F1C8-434F-8645-2CA7EFF8C158}.Debug|Any CPU.ActiveCfg = Debug|Any CPU
		{9CDA70B4-F1C8-434F-8645-2CA7EFF8C158}.Debug|Any CPU.Build.0 = Debug|Any CPU
		{9CDA70B4-F1C8-434F-8645-2CA7EFF8C158}.Release|Any CPU.ActiveCfg = Release|Any CPU
		{9CDA70B4-F1C8-434F-8645-2CA7EFF8C158}.Release|Any CPU.Build.0 = Release|Any CPU
		{51B3AAE1-E7AD-4B45-AAF7-A08FA9CB1D72}.Debug|Any CPU.ActiveCfg = Debug|Any CPU
		{51B3AAE1-E7AD-4B45-AAF7-A08FA9CB1D72}.Debug|Any CPU.Build.0 = Debug|Any CPU
		{51B3AAE1-E7AD-4B45-AAF7-A08FA9CB1D72}.Release|Any CPU.ActiveCfg = Release|Any CPU
		{51B3AAE1-E7AD-4B45-AAF7-A08FA9CB1D72}.Release|Any CPU.Build.0 = Release|Any CPU
		{00C4B0B9-4B01-46DA-AADB-B32B5F1B93A9}.Debug|Any CPU.ActiveCfg = Debug|Any CPU
		{00C4B0B9-4B01-46DA-AADB-B32B5F1B93A9}.Debug|Any CPU.Build.0 = Debug|Any CPU
		{00C4B0B9-4B01-46DA-AADB-B32B5F1B93A9}.Release|Any CPU.ActiveCfg = Release|Any CPU
		{00C4B0B9-4B01-46DA-AADB-B32B5F1B93A9}.Release|Any CPU.Build.0 = Release|Any CPU
	EndGlobalSection
	GlobalSection(SolutionProperties) = preSolution
		HideSolutionNode = FALSE
	EndGlobalSection
	GlobalSection(ExtensibilityGlobals) = postSolution
		SolutionGuid = {DA3AC889-68CE-4D33-BE01-5DEA35205B1A}
	EndGlobalSection
EndGlobal
